
Microsoft Visual Studio Solution File, Format Version 12.00
# Visual Studio Version 17
VisualStudioVersion = 17.5.33424.131
MinimumVisualStudioVersion = 10.0.40219.1
Project("{9A19103F-16F7-4668-BE54-9A1E7A4F7556}") = "SourceGeneratorDome1", "SourceGeneratorDome1\SourceGeneratorDome1.csproj", "{EB0F3565-777E-4A8D-9C7B-CB037BD6C950}"
EndProject
Project("{9A19103F-16F7-4668-BE54-9A1E7A4F7556}") = "SourceGenerator.Basic", "SourceGenerator.Basic\SourceGenerator.Basic.csproj", "{6A4AF613-DDC9-4229-BF24-92CEBDAC34ED}"
EndProject
Project("{9A19103F-16F7-4668-BE54-9A1E7A4F7556}") = "SourceGenerator.PartMethod", "SourceGenerator.PartMethod\SourceGenerator.PartMethod.csproj", "{99BEBCE7-1E3C-4035-BD45-6CEB5E4CA4A0}"
EndProject
Project("{FAE04EC0-301F-11D3-BF4B-00C04F79EFBC}") = "SourceGenerator.PartMethod2", "SourceGenerator.PartMethod2\SourceGenerator.PartMethod2.csproj", "{D9886AEB-C9F8-426B-BB92-F0EB96752BE5}"
EndProject
Global
	GlobalSection(SolutionConfigurationPlatforms) = preSolution
		Debug|Any CPU = Debug|Any CPU
		Release|Any CPU = Release|Any CPU
	EndGlobalSection
	GlobalSection(ProjectConfigurationPlatforms) = postSolution
		{EB0F3565-777E-4A8D-9C7B-CB037BD6C950}.Debug|Any CPU.ActiveCfg = Debug|Any CPU
		{EB0F3565-777E-4A8D-9C7B-CB037BD6C950}.Debug|Any CPU.Build.0 = Debug|Any CPU
		{EB0F3565-777E-4A8D-9C7B-CB037BD6C950}.Release|Any CPU.ActiveCfg = Release|Any CPU
		{EB0F3565-777E-4A8D-9C7B-CB037BD6C950}.Release|Any CPU.Build.0 = Release|Any CPU
		{6A4AF613-DDC9-4229-BF24-92CEBDAC34ED}.Debug|Any CPU.ActiveCfg = Debug|Any CPU
		{6A4AF613-DDC9-4229-BF24-92CEBDAC34ED}.Debug|Any CPU.Build.0 = Debug|Any CPU
		{6A4AF613-DDC9-4229-BF24-92CEBDAC34ED}.Release|Any CPU.ActiveCfg = Release|Any CPU
		{6A4AF613-DDC9-4229-BF24-92CEBDAC34ED}.Release|Any CPU.Build.0 = Release|Any CPU
		{99BEBCE7-1E3C-4035-BD45-6CEB5E4CA4A0}.Debug|Any CPU.ActiveCfg = Debug|Any CPU
		{99BEBCE7-1E3C-4035-BD45-6CEB5E4CA4A0}.Debug|Any CPU.Build.0 = Debug|Any CPU
		{99BEBCE7-1E3C-4035-BD45-6CEB5E4CA4A0}.Release|Any CPU.ActiveCfg = Release|Any CPU
		{99BEBCE7-1E3C-4035-BD45-6CEB5E4CA4A0}.Release|Any CPU.Build.0 = Release|Any CPU
		{D9886AEB-C9F8-426B-BB92-F0EB96752BE5}.Debug|Any CPU.ActiveCfg = Debug|Any CPU
		{D9886AEB-C9F8-426B-BB92-F0EB96752BE5}.Debug|Any CPU.Build.0 = Debug|Any CPU
		{D9886AEB-C9F8-426B-BB92-F0EB96752BE5}.Release|Any CPU.ActiveCfg = Release|Any CPU
		{D9886AEB-C9F8-426B-BB92-F0EB96752BE5}.Release|Any CPU.Build.0 = Release|Any CPU
	EndGlobalSection
	GlobalSection(SolutionProperties) = preSolution
		HideSolutionNode = FALSE
	EndGlobalSection
	GlobalSection(ExtensibilityGlobals) = postSolution
		SolutionGuid = {CFDB76D8-9C96-474F-9861-95F7EFACFE6B}
	EndGlobalSection
EndGlobal
